
Microsoft Visual Studio Solution File, Format Version 12.00
# Visual Studio Version 16
VisualStudioVersion = 16.0.30011.22
MinimumVisualStudioVersion = 10.0.40219.1
Project("{FAE04EC0-301F-11D3-BF4B-00C04F79EFBC}") = "ProductionManagementSystem", "ProductionManagementSystem\ProductionManagementSystem.csproj", "{39D0979B-6C2B-4BD8-BC00-C9235A2F5B5B}"
EndProject
Global
	GlobalSection(SolutionConfigurationPlatforms) = preSolution
		Debug|Any CPU = Debug|Any CPU
		Release|Any CPU = Release|Any CPU
	EndGlobalSection
	GlobalSection(ProjectConfigurationPlatforms) = postSolution
		{39D0979B-6C2B-4BD8-BC00-C9235A2F5B5B}.Debug|Any CPU.ActiveCfg = Debug|Any CPU
		{39D0979B-6C2B-4BD8-BC00-C9235A2F5B5B}.Debug|Any CPU.Build.0 = Debug|Any CPU
		{39D0979B-6C2B-4BD8-BC00-C9235A2F5B5B}.Release|Any CPU.ActiveCfg = Release|Any CPU
		{39D0979B-6C2B-4BD8-BC00-C9235A2F5B5B}.Release|Any CPU.Build.0 = Release|Any CPU
	EndGlobalSection
	GlobalSection(SolutionProperties) = preSolution
		HideSolutionNode = FALSE
	EndGlobalSection
	GlobalSection(ExtensibilityGlobals) = postSolution
		SolutionGuid = {A2938B70-4C70-4C0E-9EA2-9D26DCDF0855}
	EndGlobalSection
EndGlobal
